
Microsoft Visual Studio Solution File, Format Version 12.00
# Visual Studio Version 16
VisualStudioVersion = 16.0.31321.278
MinimumVisualStudioVersion = 10.0.40219.1
Project("{FAE04EC0-301F-11D3-BF4B-00C04F79EFBC}") = "UsandoGit", "UsandoGit\UsandoGit.csproj", "{25610AEE-4D38-4394-A962-39F3E63349B2}"
EndProject
Global
	GlobalSection(SolutionConfigurationPlatforms) = preSolution
		Debug|Any CPU = Debug|Any CPU
		Release|Any CPU = Release|Any CPU
	EndGlobalSection
	GlobalSection(ProjectConfigurationPlatforms) = postSolution
		{25610AEE-4D38-4394-A962-39F3E63349B2}.Debug|Any CPU.ActiveCfg = Debug|Any CPU
		{25610AEE-4D38-4394-A962-39F3E63349B2}.Debug|Any CPU.Build.0 = Debug|Any CPU
		{25610AEE-4D38-4394-A962-39F3E63349B2}.Release|Any CPU.ActiveCfg = Release|Any CPU
		{25610AEE-4D38-4394-A962-39F3E63349B2}.Release|Any CPU.Build.0 = Release|Any CPU
	EndGlobalSection
	GlobalSection(SolutionProperties) = preSolution
		HideSolutionNode = FALSE
	EndGlobalSection
	GlobalSection(ExtensibilityGlobals) = postSolution
		SolutionGuid = {40D6C3E1-3A11-4AA5-AFC3-D829F6C97E26}
	EndGlobalSection
EndGlobal
